
Microsoft Visual Studio Solution File, Format Version 12.00
# Visual Studio Version 17
VisualStudioVersion = 17.0.31903.59
MinimumVisualStudioVersion = 10.0.40219.1
Project("{2150E333-8FDC-42A3-9474-1A3956D46DE8}") = "src", "src", "{827E0CD3-B72D-47B6-A68D-7590B98EB39B}"
EndProject
Project("{FAE04EC0-301F-11D3-BF4B-00C04F79EFBC}") = "Platform.Domain", "src\Platform.Domain\Platform.Domain.csproj", "{051127E3-49CD-46C8-BB3D-CE3928921136}"
EndProject
Project("{FAE04EC0-301F-11D3-BF4B-00C04F79EFBC}") = "Platform.Application", "src\Platform.Application\Platform.Application.csproj", "{9FE4732A-EE6A-4B2C-8EE4-BCFF5CADB956}"
EndProject
Project("{FAE04EC0-301F-11D3-BF4B-00C04F79EFBC}") = "Platform.Infrastructure", "src\Platform.Infrastructure\Platform.Infrastructure.csproj", "{B7030753-95F1-4D85-BB97-43E96AC1E2A6}"
EndProject
Project("{FAE04EC0-301F-11D3-BF4B-00C04F79EFBC}") = "Platform.Functions", "src\Platform.Functions\Platform.Functions.csproj", "{4FC0AD2B-8E54-44B0-B177-2760F07E7EFC}"
EndProject
Project("{FAE04EC0-301F-11D3-BF4B-00C04F79EFBC}") = "Platform.Testing", "src\Platform.Testing\Platform.Testing.csproj", "{25AE75BC-E2D9-4927-AC39-4AAF92DDEDDD}"
EndProject
Project("{2150E333-8FDC-42A3-9474-1A3956D46DE8}") = "tests", "tests", "{0AB3BF05-4346-4AA6-1389-037BE0695223}"
EndProject
Project("{FAE04EC0-301F-11D3-BF4B-00C04F79EFBC}") = "Platform.Domain.UnitTests", "tests\Platform.Domain.UnitTests\Platform.Domain.UnitTests.csproj", "{8795D850-AEB9-4232-8B9C-F5082CA33C06}"
EndProject
Project("{FAE04EC0-301F-11D3-BF4B-00C04F79EFBC}") = "Platform.Application.UnitTests", "tests\Platform.Application.UnitTests\Platform.Application.UnitTests.csproj", "{53006855-38B4-46FE-A333-3D46FCDB87E6}"
EndProject
Global
	GlobalSection(SolutionConfigurationPlatforms) = preSolution
		Debug|Any CPU = Debug|Any CPU
		Debug|x64 = Debug|x64
		Debug|x86 = Debug|x86
		Release|Any CPU = Release|Any CPU
		Release|x64 = Release|x64
		Release|x86 = Release|x86
	EndGlobalSection
	GlobalSection(ProjectConfigurationPlatforms) = postSolution
		{051127E3-49CD-46C8-BB3D-CE3928921136}.Debug|Any CPU.ActiveCfg = Debug|Any CPU
		{051127E3-49CD-46C8-BB3D-CE3928921136}.Debug|Any CPU.Build.0 = Debug|Any CPU
		{051127E3-49CD-46C8-BB3D-CE3928921136}.Debug|x64.ActiveCfg = Debug|Any CPU
		{051127E3-49CD-46C8-BB3D-CE3928921136}.Debug|x64.Build.0 = Debug|Any CPU
		{051127E3-49CD-46C8-BB3D-CE3928921136}.Debug|x86.ActiveCfg = Debug|Any CPU
		{051127E3-49CD-46C8-BB3D-CE3928921136}.Debug|x86.Build.0 = Debug|Any CPU
		{051127E3-49CD-46C8-BB3D-CE3928921136}.Release|Any CPU.ActiveCfg = Release|Any CPU
		{051127E3-49CD-46C8-BB3D-CE3928921136}.Release|Any CPU.Build.0 = Release|Any CPU
		{051127E3-49CD-46C8-BB3D-CE3928921136}.Release|x64.ActiveCfg = Release|Any CPU
		{051127E3-49CD-46C8-BB3D-CE3928921136}.Release|x64.Build.0 = Release|Any CPU
		{051127E3-49CD-46C8-BB3D-CE3928921136}.Release|x86.ActiveCfg = Release|Any CPU
		{051127E3-49CD-46C8-BB3D-CE3928921136}.Release|x86.Build.0 = Release|Any CPU
		{9FE4732A-EE6A-4B2C-8EE4-BCFF5CADB956}.Debug|Any CPU.ActiveCfg = Debug|Any CPU
		{9FE4732A-EE6A-4B2C-8EE4-BCFF5CADB956}.Debug|Any CPU.Build.0 = Debug|Any CPU
		{9FE4732A-EE6A-4B2C-8EE4-BCFF5CADB956}.Debug|x64.ActiveCfg = Debug|Any CPU
		{9FE4732A-EE6A-4B2C-8EE4-BCFF5CADB956}.Debug|x64.Build.0 = Debug|Any CPU
		{9FE4732A-EE6A-4B2C-8EE4-BCFF5CADB956}.Debug|x86.ActiveCfg = Debug|Any CPU
		{9FE4732A-EE6A-4B2C-8EE4-BCFF5CADB956}.Debug|x86.Build.0 = Debug|Any CPU
		{9FE4732A-EE6A-4B2C-8EE4-BCFF5CADB956}.Release|Any CPU.ActiveCfg = Release|Any CPU
		{9FE4732A-EE6A-4B2C-8EE4-BCFF5CADB956}.Release|Any CPU.Build.0 = Release|Any CPU
		{9FE4732A-EE6A-4B2C-8EE4-BCFF5CADB956}.Release|x64.ActiveCfg = Release|Any CPU
		{9FE4732A-EE6A-4B2C-8EE4-BCFF5CADB956}.Release|x64.Build.0 = Release|Any CPU
		{9FE4732A-EE6A-4B2C-8EE4-BCFF5CADB956}.Release|x86.ActiveCfg = Release|Any CPU
		{9FE4732A-EE6A-4B2C-8EE4-BCFF5CADB956}.Release|x86.Build.0 = Release|Any CPU
		{B7030753-95F1-4D85-BB97-43E96AC1E2A6}.Debug|Any CPU.ActiveCfg = Debug|Any CPU
		{B7030753-95F1-4D85-BB97-43E96AC1E2A6}.Debug|Any CPU.Build.0 = Debug|Any CPU
		{B7030753-95F1-4D85-BB97-43E96AC1E2A6}.Debug|x64.ActiveCfg = Debug|Any CPU
		{B7030753-95F1-4D85-BB97-43E96AC1E2A6}.Debug|x64.Build.0 = Debug|Any CPU
		{B7030753-95F1-4D85-BB97-43E96AC1E2A6}.Debug|x86.ActiveCfg = Debug|Any CPU
		{B7030753-95F1-4D85-BB97-43E96AC1E2A6}.Debug|x86.Build.0 = Debug|Any CPU
		{B7030753-95F1-4D85-BB97-43E96AC1E2A6}.Release|Any CPU.ActiveCfg = Release|Any CPU
		{B7030753-95F1-4D85-BB97-43E96AC1E2A6}.Release|Any CPU.Build.0 = Release|Any CPU
		{B7030753-95F1-4D85-BB97-43E96AC1E2A6}.Release|x64.ActiveCfg = Release|Any CPU
		{B7030753-95F1-4D85-BB97-43E96AC1E2A6}.Release|x64.Build.0 = Release|Any CPU
		{B7030753-95F1-4D85-BB97-43E96AC1E2A6}.Release|x86.ActiveCfg = Release|Any CPU
		{B7030753-95F1-4D85-BB97-43E96AC1E2A6}.Release|x86.Build.0 = Release|Any CPU
		{4FC0AD2B-8E54-44B0-B177-2760F07E7EFC}.Debug|Any CPU.ActiveCfg = Debug|Any CPU
		{4FC0AD2B-8E54-44B0-B177-2760F07E7EFC}.Debug|Any CPU.Build.0 = Debug|Any CPU
		{4FC0AD2B-8E54-44B0-B177-2760F07E7EFC}.Debug|x64.ActiveCfg = Debug|Any CPU
		{4FC0AD2B-8E54-44B0-B177-2760F07E7EFC}.Debug|x64.Build.0 = Debug|Any CPU
		{4FC0AD2B-8E54-44B0-B177-2760F07E7EFC}.Debug|x86.ActiveCfg = Debug|Any CPU
		{4FC0AD2B-8E54-44B0-B177-2760F07E7EFC}.Debug|x86.Build.0 = Debug|Any CPU
		{4FC0AD2B-8E54-44B0-B177-2760F07E7EFC}.Release|Any CPU.ActiveCfg = Release|Any CPU
		{4FC0AD2B-8E54-44B0-B177-2760F07E7EFC}.Release|Any CPU.Build.0 = Release|Any CPU
		{4FC0AD2B-8E54-44B0-B177-2760F07E7EFC}.Release|x64.ActiveCfg = Release|Any CPU
		{4FC0AD2B-8E54-44B0-B177-2760F07E7EFC}.Release|x64.Build.0 = Release|Any CPU
		{4FC0AD2B-8E54-44B0-B177-2760F07E7EFC}.Release|x86.ActiveCfg = Release|Any CPU
		{4FC0AD2B-8E54-44B0-B177-2760F07E7EFC}.Release|x86.Build.0 = Release|Any CPU
		{25AE75BC-E2D9-4927-AC39-4AAF92DDEDDD}.Debug|Any CPU.ActiveCfg = Debug|Any CPU
		{25AE75BC-E2D9-4927-AC39-4AAF92DDEDDD}.Debug|Any CPU.Build.0 = Debug|Any CPU
		{25AE75BC-E2D9-4927-AC39-4AAF92DDEDDD}.Debug|x64.ActiveCfg = Debug|Any CPU
		{25AE75BC-E2D9-4927-AC39-4AAF92DDEDDD}.Debug|x64.Build.0 = Debug|Any CPU
		{25AE75BC-E2D9-4927-AC39-4AAF92DDEDDD}.Debug|x86.ActiveCfg = Debug|Any CPU
		{25AE75BC-E2D9-4927-AC39-4AAF92DDEDDD}.Debug|x86.Build.0 = Debug|Any CPU
		{25AE75BC-E2D9-4927-AC39-4AAF92DDEDDD}.Release|Any CPU.ActiveCfg = Release|Any CPU
		{25AE75BC-E2D9-4927-AC39-4AAF92DDEDDD}.Release|Any CPU.Build.0 = Release|Any CPU
		{25AE75BC-E2D9-4927-AC39-4AAF92DDEDDD}.Release|x64.ActiveCfg = Release|Any CPU
		{25AE75BC-E2D9-4927-AC39-4AAF92DDEDDD}.Release|x64.Build.0 = Release|Any CPU
		{25AE75BC-E2D9-4927-AC39-4AAF92DDEDDD}.Release|x86.ActiveCfg = Release|Any CPU
		{25AE75BC-E2D9-4927-AC39-4AAF92DDEDDD}.Release|x86.Build.0 = Release|Any CPU
		{8795D850-AEB9-4232-8B9C-F5082CA33C06}.Debug|Any CPU.ActiveCfg = Debug|Any CPU
		{8795D850-AEB9-4232-8B9C-F5082CA33C06}.Debug|Any CPU.Build.0 = Debug|Any CPU
		{8795D850-AEB9-4232-8B9C-F5082CA33C06}.Debug|x64.ActiveCfg = Debug|Any CPU
		{8795D850-AEB9-4232-8B9C-F5082CA33C06}.Debug|x64.Build.0 = Debug|Any CPU
		{8795D850-AEB9-4232-8B9C-F5082CA33C06}.Debug|x86.ActiveCfg = Debug|Any CPU
		{8795D850-AEB9-4232-8B9C-F5082CA33C06}.Debug|x86.Build.0 = Debug|Any CPU
		{8795D850-AEB9-4232-8B9C-F5082CA33C06}.Release|Any CPU.ActiveCfg = Release|Any CPU
		{8795D850-AEB9-4232-8B9C-F5082CA33C06}.Release|Any CPU.Build.0 = Release|Any CPU
		{8795D850-AEB9-4232-8B9C-F5082CA33C06}.Release|x64.ActiveCfg = Release|Any CPU
		{8795D850-AEB9-4232-8B9C-F5082CA33C06}.Release|x64.Build.0 = Release|Any CPU
		{8795D850-AEB9-4232-8B9C-F5082CA33C06}.Release|x86.ActiveCfg = Release|Any CPU
		{8795D850-AEB9-4232-8B9C-F5082CA33C06}.Release|x86.Build.0 = Release|Any CPU
		{53006855-38B4-46FE-A333-3D46FCDB87E6}.Debug|Any CPU.ActiveCfg = Debug|Any CPU
		{53006855-38B4-46FE-A333-3D46FCDB87E6}.Debug|Any CPU.Build.0 = Debug|Any CPU
		{53006855-38B4-46FE-A333-3D46FCDB87E6}.Debug|x64.ActiveCfg = Debug|Any CPU
		{53006855-38B4-46FE-A333-3D46FCDB87E6}.Debug|x64.Build.0 = Debug|Any CPU
		{53006855-38B4-46FE-A333-3D46FCDB87E6}.Debug|x86.ActiveCfg = Debug|Any CPU
		{53006855-38B4-46FE-A333-3D46FCDB87E6}.Debug|x86.Build.0 = Debug|Any CPU
		{53006855-38B4-46FE-A333-3D46FCDB87E6}.Release|Any CPU.ActiveCfg = Release|Any CPU
		{53006855-38B4-46FE-A333-3D46FCDB87E6}.Release|Any CPU.Build.0 = Release|Any CPU
		{53006855-38B4-46FE-A333-3D46FCDB87E6}.Release|x64.ActiveCfg = Release|Any CPU
		{53006855-38B4-46FE-A333-3D46FCDB87E6}.Release|x64.Build.0 = Release|Any CPU
		{53006855-38B4-46FE-A333-3D46FCDB87E6}.Release|x86.ActiveCfg = Release|Any CPU
		{53006855-38B4-46FE-A333-3D46FCDB87E6}.Release|x86.Build.0 = Release|Any CPU
	EndGlobalSection
	GlobalSection(SolutionProperties) = preSolution
		HideSolutionNode = FALSE
	EndGlobalSection
	GlobalSection(NestedProjects) = preSolution
		{051127E3-49CD-46C8-BB3D-CE3928921136} = {827E0CD3-B72D-47B6-A68D-7590B98EB39B}
		{9FE4732A-EE6A-4B2C-8EE4-BCFF5CADB956} = {827E0CD3-B72D-47B6-A68D-7590B98EB39B}
		{B7030753-95F1-4D85-BB97-43E96AC1E2A6} = {827E0CD3-B72D-47B6-A68D-7590B98EB39B}
		{4FC0AD2B-8E54-44B0-B177-2760F07E7EFC} = {827E0CD3-B72D-47B6-A68D-7590B98EB39B}
		{25AE75BC-E2D9-4927-AC39-4AAF92DDEDDD} = {827E0CD3-B72D-47B6-A68D-7590B98EB39B}
		{8795D850-AEB9-4232-8B9C-F5082CA33C06} = {0AB3BF05-4346-4AA6-1389-037BE0695223}
		{53006855-38B4-46FE-A333-3D46FCDB87E6} = {0AB3BF05-4346-4AA6-1389-037BE0695223}
	EndGlobalSection
EndGlobal
